
Microsoft Visual Studio Solution File, Format Version 12.00
# Visual Studio Version 17
VisualStudioVersion = 17.10.35013.160
MinimumVisualStudioVersion = 10.0.40219.1
Project("{FAE04EC0-301F-11D3-BF4B-00C04F79EFBC}") = "BurgerManiaServer", "BurgerManiaServer\BurgerManiaServer.csproj", "{0B4B408C-E4E1-41AD-9DB7-13BB52CDC25B}"
EndProject
Global
	GlobalSection(SolutionConfigurationPlatforms) = preSolution
		Debug|Any CPU = Debug|Any CPU
		Release|Any CPU = Release|Any CPU
	EndGlobalSection
	GlobalSection(ProjectConfigurationPlatforms) = postSolution
		{0B4B408C-E4E1-41AD-9DB7-13BB52CDC25B}.Debug|Any CPU.ActiveCfg = Debug|Any CPU
		{0B4B408C-E4E1-41AD-9DB7-13BB52CDC25B}.Debug|Any CPU.Build.0 = Debug|Any CPU
		{0B4B408C-E4E1-41AD-9DB7-13BB52CDC25B}.Release|Any CPU.ActiveCfg = Release|Any CPU
		{0B4B408C-E4E1-41AD-9DB7-13BB52CDC25B}.Release|Any CPU.Build.0 = Release|Any CPU
	EndGlobalSection
	GlobalSection(SolutionProperties) = preSolution
		HideSolutionNode = FALSE
	EndGlobalSection
	GlobalSection(ExtensibilityGlobals) = postSolution
		SolutionGuid = {33291391-94E4-47A5-8631-B66D681F5C9A}
	EndGlobalSection
EndGlobal
